// !$*UTF8*$!
{
	archiveVersion = 1;
	classes = {
	};
	objectVersion = 50;
	objects = {

/* Begin PBXBuildFile section */
		7E06AF33244D7022002A097D /* PagedResponseTest.swift in Sources */ = {isa = PBXBuildFile; fileRef = 7E06AF32244D7022002A097D /* PagedResponseTest.swift */; };
		7E06AF35244DA90F002A097D /* CollectionView.swift in Sources */ = {isa = PBXBuildFile; fileRef = 7E06AF34244DA90F002A097D /* CollectionView.swift */; };
		7E06AF38244DE4B4002A097D /* SquaredImage.swift in Sources */ = {isa = PBXBuildFile; fileRef = 7E06AF37244DE4B4002A097D /* SquaredImage.swift */; };
		7E06AF3A244E1445002A097D /* SearchBar.swift in Sources */ = {isa = PBXBuildFile; fileRef = 7E06AF39244E1445002A097D /* SearchBar.swift */; };
		7E06AF3D244E1A74002A097D /* UIApplication+Keyboard.swift in Sources */ = {isa = PBXBuildFile; fileRef = 7E06AF3C244E1A74002A097D /* UIApplication+Keyboard.swift */; };
		7E06AF40244EB3F4002A097D /* CoreTypes.swift in Sources */ = {isa = PBXBuildFile; fileRef = 7E06AF3F244EB3F4002A097D /* CoreTypes.swift */; };
		7E06AF43244EC155002A097D /* ImageSearchActions.swift in Sources */ = {isa = PBXBuildFile; fileRef = 7E06AF42244EC155002A097D /* ImageSearchActions.swift */; };
		7E06AF45244ECC4B002A097D /* AppState.swift in Sources */ = {isa = PBXBuildFile; fileRef = 7E06AF44244ECC4B002A097D /* AppState.swift */; };
		7E06AF48244ECC75002A097D /* ImageSearchState.swift in Sources */ = {isa = PBXBuildFile; fileRef = 7E06AF47244ECC75002A097D /* ImageSearchState.swift */; };
		7E06AF4B244ECD1F002A097D /* ImageSearchReducer.swift in Sources */ = {isa = PBXBuildFile; fileRef = 7E06AF4A244ECD1F002A097D /* ImageSearchReducer.swift */; };
		7E06AF4D244ED88E002A097D /* AppReducer.swift in Sources */ = {isa = PBXBuildFile; fileRef = 7E06AF4C244ED88E002A097D /* AppReducer.swift */; };
		7E06AF4F244EE490002A097D /* Shared.swift in Sources */ = {isa = PBXBuildFile; fileRef = 7E06AF4E244EE490002A097D /* Shared.swift */; };
		7E259137244B370900155467 /* AppDelegate.swift in Sources */ = {isa = PBXBuildFile; fileRef = 7E259136244B370900155467 /* AppDelegate.swift */; };
		7E259139244B370900155467 /* SceneDelegate.swift in Sources */ = {isa = PBXBuildFile; fileRef = 7E259138244B370900155467 /* SceneDelegate.swift */; };
		7E25913B244B370900155467 /* GalleryView.swift in Sources */ = {isa = PBXBuildFile; fileRef = 7E25913A244B370900155467 /* GalleryView.swift */; };
		7E25913D244B370900155467 /* Assets.xcassets in Resources */ = {isa = PBXBuildFile; fileRef = 7E25913C244B370900155467 /* Assets.xcassets */; };
		7E259140244B370900155467 /* Preview Assets.xcassets in Resources */ = {isa = PBXBuildFile; fileRef = 7E25913F244B370900155467 /* Preview Assets.xcassets */; };
		7E259143244B370900155467 /* LaunchScreen.storyboard in Resources */ = {isa = PBXBuildFile; fileRef = 7E259141244B370900155467 /* LaunchScreen.storyboard */; };
		7E4003C9244C142300749708 /* ImageData.swift in Sources */ = {isa = PBXBuildFile; fileRef = 7E4003C8244C142300749708 /* ImageData.swift */; };
		7E4003CB244C145B00749708 /* PagedResponse.swift in Sources */ = {isa = PBXBuildFile; fileRef = 7E4003CA244C145B00749708 /* PagedResponse.swift */; };
		7E6F888E244B3E210012B347 /* ServiceError.swift in Sources */ = {isa = PBXBuildFile; fileRef = 7E6F888D244B3E210012B347 /* ServiceError.swift */; };
		7E6F8890244B3E7F0012B347 /* UnsplashService.swift in Sources */ = {isa = PBXBuildFile; fileRef = 7E6F888F244B3E7F0012B347 /* UnsplashService.swift */; };
		7E6F8893244B42BF0012B347 /* UnsplashServiceTest.swift in Sources */ = {isa = PBXBuildFile; fileRef = 7E6F8892244B42BF0012B347 /* UnsplashServiceTest.swift */; };
		7EEEC774244EF13800A3A069 /* ImageCell.swift in Sources */ = {isa = PBXBuildFile; fileRef = 7EEEC773244EF13800A3A069 /* ImageCell.swift */; };
		7EEEC776244FEEAE00A3A069 /* ImageSearchReducerTest.swift in Sources */ = {isa = PBXBuildFile; fileRef = 7EEEC775244FEEAE00A3A069 /* ImageSearchReducerTest.swift */; };
/* End PBXBuildFile section */

/* Begin PBXContainerItemProxy section */
		7E25914A244B370900155467 /* PBXContainerItemProxy */ = {
			isa = PBXContainerItemProxy;
			containerPortal = 7E25912B244B370900155467 /* Project object */;
			proxyType = 1;
			remoteGlobalIDString = 7E259132244B370900155467;
			remoteInfo = Lumpia;
		};
/* End PBXContainerItemProxy section */

/* Begin PBXFileReference section */
		7E06AF32244D7022002A097D /* PagedResponseTest.swift */ = {isa = PBXFileReference; lastKnownFileType = sourcecode.swift; path = PagedResponseTest.swift; sourceTree = "<group>"; };
		7E06AF34244DA90F002A097D /* CollectionView.swift */ = {isa = PBXFileReference; lastKnownFileType = sourcecode.swift; path = CollectionView.swift; sourceTree = "<group>"; };
		7E06AF37244DE4B4002A097D /* SquaredImage.swift */ = {isa = PBXFileReference; lastKnownFileType = sourcecode.swift; path = SquaredImage.swift; sourceTree = "<group>"; };
		7E06AF39244E1445002A097D /* SearchBar.swift */ = {isa = PBXFileReference; lastKnownFileType = sourcecode.swift; path = SearchBar.swift; sourceTree = "<group>"; };
		7E06AF3C244E1A74002A097D /* UIApplication+Keyboard.swift */ = {isa = PBXFileReference; lastKnownFileType = sourcecode.swift; path = "UIApplication+Keyboard.swift"; sourceTree = "<group>"; };
		7E06AF3F244EB3F4002A097D /* CoreTypes.swift */ = {isa = PBXFileReference; lastKnownFileType = sourcecode.swift; path = CoreTypes.swift; sourceTree = "<group>"; };
		7E06AF42244EC155002A097D /* ImageSearchActions.swift */ = {isa = PBXFileReference; lastKnownFileType = sourcecode.swift; path = ImageSearchActions.swift; sourceTree = "<group>"; };
		7E06AF44244ECC4B002A097D /* AppState.swift */ = {isa = PBXFileReference; lastKnownFileType = sourcecode.swift; path = AppState.swift; sourceTree = "<group>"; };
		7E06AF47244ECC75002A097D /* ImageSearchState.swift */ = {isa = PBXFileReference; lastKnownFileType = sourcecode.swift; path = ImageSearchState.swift; sourceTree = "<group>"; };
		7E06AF4A244ECD1F002A097D /* ImageSearchReducer.swift */ = {isa = PBXFileReference; lastKnownFileType = sourcecode.swift; path = ImageSearchReducer.swift; sourceTree = "<group>"; };
		7E06AF4C244ED88E002A097D /* AppReducer.swift */ = {isa = PBXFileReference; lastKnownFileType = sourcecode.swift; path = AppReducer.swift; sourceTree = "<group>"; };
		7E06AF4E244EE490002A097D /* Shared.swift */ = {isa = PBXFileReference; lastKnownFileType = sourcecode.swift; path = Shared.swift; sourceTree = "<group>"; };
		7E259133244B370900155467 /* Lumpia.app */ = {isa = PBXFileReference; explicitFileType = wrapper.application; includeInIndex = 0; path = Lumpia.app; sourceTree = BUILT_PRODUCTS_DIR; };
		7E259136244B370900155467 /* AppDelegate.swift */ = {isa = PBXFileReference; lastKnownFileType = sourcecode.swift; path = AppDelegate.swift; sourceTree = "<group>"; };
		7E259138244B370900155467 /* SceneDelegate.swift */ = {isa = PBXFileReference; lastKnownFileType = sourcecode.swift; path = SceneDelegate.swift; sourceTree = "<group>"; };
		7E25913A244B370900155467 /* GalleryView.swift */ = {isa = PBXFileReference; lastKnownFileType = sourcecode.swift; path = GalleryView.swift; sourceTree = "<group>"; };
		7E25913C244B370900155467 /* Assets.xcassets */ = {isa = PBXFileReference; lastKnownFileType = folder.assetcatalog; path = Assets.xcassets; sourceTree = "<group>"; };
		7E25913F244B370900155467 /* Preview Assets.xcassets */ = {isa = PBXFileReference; lastKnownFileType = folder.assetcatalog; path = "Preview Assets.xcassets"; sourceTree = "<group>"; };
		7E259142244B370900155467 /* Base */ = {isa = PBXFileReference; lastKnownFileType = file.storyboard; name = Base; path = Base.lproj/LaunchScreen.storyboard; sourceTree = "<group>"; };
		7E259144244B370900155467 /* Info.plist */ = {isa = PBXFileReference; lastKnownFileType = text.plist.xml; path = Info.plist; sourceTree = "<group>"; };
		7E259149244B370900155467 /* LumpiaTests.xctest */ = {isa = PBXFileReference; explicitFileType = wrapper.cfbundle; includeInIndex = 0; path = LumpiaTests.xctest; sourceTree = BUILT_PRODUCTS_DIR; };
		7E25914F244B370900155467 /* Info.plist */ = {isa = PBXFileReference; lastKnownFileType = text.plist.xml; path = Info.plist; sourceTree = "<group>"; };
		7E4003C8244C142300749708 /* ImageData.swift */ = {isa = PBXFileReference; lastKnownFileType = sourcecode.swift; path = ImageData.swift; sourceTree = "<group>"; };
		7E4003CA244C145B00749708 /* PagedResponse.swift */ = {isa = PBXFileReference; lastKnownFileType = sourcecode.swift; path = PagedResponse.swift; sourceTree = "<group>"; };
		7E6F8888244B38430012B347 /* README.md */ = {isa = PBXFileReference; fileEncoding = 4; lastKnownFileType = net.daringfireball.markdown; path = README.md; sourceTree = "<group>"; };
		7E6F888D244B3E210012B347 /* ServiceError.swift */ = {isa = PBXFileReference; lastKnownFileType = sourcecode.swift; path = ServiceError.swift; sourceTree = "<group>"; };
		7E6F888F244B3E7F0012B347 /* UnsplashService.swift */ = {isa = PBXFileReference; lastKnownFileType = sourcecode.swift; path = UnsplashService.swift; sourceTree = "<group>"; };
		7E6F8892244B42BF0012B347 /* UnsplashServiceTest.swift */ = {isa = PBXFileReference; lastKnownFileType = sourcecode.swift; path = UnsplashServiceTest.swift; sourceTree = "<group>"; };
		7EEEC773244EF13800A3A069 /* ImageCell.swift */ = {isa = PBXFileReference; lastKnownFileType = sourcecode.swift; path = ImageCell.swift; sourceTree = "<group>"; };
		7EEEC775244FEEAE00A3A069 /* ImageSearchReducerTest.swift */ = {isa = PBXFileReference; lastKnownFileType = sourcecode.swift; path = ImageSearchReducerTest.swift; sourceTree = "<group>"; };
/* End PBXFileReference section */

/* Begin PBXFrameworksBuildPhase section */
		7E259130244B370900155467 /* Frameworks */ = {
			isa = PBXFrameworksBuildPhase;
			buildActionMask = 2147483647;
			files = (
			);
			runOnlyForDeploymentPostprocessing = 0;
		};
		7E259146244B370900155467 /* Frameworks */ = {
			isa = PBXFrameworksBuildPhase;
			buildActionMask = 2147483647;
			files = (
			);
			runOnlyForDeploymentPostprocessing = 0;
		};
/* End PBXFrameworksBuildPhase section */

/* Begin PBXGroup section */
		7E06AF3B244E1A5A002A097D /* Extensions */ = {
			isa = PBXGroup;
			children = (
				7E06AF3C244E1A74002A097D /* UIApplication+Keyboard.swift */,
			);
			path = Extensions;
			sourceTree = "<group>";
		};
		7E06AF3E244EB3C0002A097D /* Flux */ = {
			isa = PBXGroup;
			children = (
				7E06AF49244ECCF5002A097D /* Reducer */,
				7E06AF46244ECC4F002A097D /* State */,
				7E06AF41244EC11C002A097D /* Actions */,
				7E06AF3F244EB3F4002A097D /* CoreTypes.swift */,
			);
			path = Flux;
			sourceTree = "<group>";
		};
		7E06AF41244EC11C002A097D /* Actions */ = {
			isa = PBXGroup;
			children = (
				7E06AF42244EC155002A097D /* ImageSearchActions.swift */,
			);
			path = Actions;
			sourceTree = "<group>";
		};
		7E06AF46244ECC4F002A097D /* State */ = {
			isa = PBXGroup;
			children = (
				7E06AF44244ECC4B002A097D /* AppState.swift */,
				7E06AF47244ECC75002A097D /* ImageSearchState.swift */,
			);
			path = State;
			sourceTree = "<group>";
		};
		7E06AF49244ECCF5002A097D /* Reducer */ = {
			isa = PBXGroup;
			children = (
				7E06AF4A244ECD1F002A097D /* ImageSearchReducer.swift */,
				7E06AF4C244ED88E002A097D /* AppReducer.swift */,
			);
			path = Reducer;
			sourceTree = "<group>";
		};
		7E06AF50244EE793002A097D /* Components */ = {
			isa = PBXGroup;
			children = (
				7E06AF34244DA90F002A097D /* CollectionView.swift */,
				7E06AF37244DE4B4002A097D /* SquaredImage.swift */,
				7E06AF39244E1445002A097D /* SearchBar.swift */,
				7EEEC773244EF13800A3A069 /* ImageCell.swift */,
			);
			path = Components;
			sourceTree = "<group>";
		};
		7E25912A244B370900155467 = {
			isa = PBXGroup;
			children = (
				7E6F8888244B38430012B347 /* README.md */,
				7E259135244B370900155467 /* Lumpia */,
				7E25914C244B370900155467 /* LumpiaTests */,
				7E259134244B370900155467 /* Products */,
			);
			sourceTree = "<group>";
		};
		7E259134244B370900155467 /* Products */ = {
			isa = PBXGroup;
			children = (
				7E259133244B370900155467 /* Lumpia.app */,
				7E259149244B370900155467 /* LumpiaTests.xctest */,
			);
			name = Products;
			sourceTree = "<group>";
		};
		7E259135244B370900155467 /* Lumpia */ = {
			isa = PBXGroup;
			children = (
				7E4003C7244C141100749708 /* Models */,
				7E6F888C244B3DCD0012B347 /* Services */,
				7E6F888B244B3AA40012B347 /* Views */,
				7E06AF3E244EB3C0002A097D /* Flux */,
				7E06AF3B244E1A5A002A097D /* Extensions */,
				7E6F888A244B39740012B347 /* Resources */,
				7E259136244B370900155467 /* AppDelegate.swift */,
				7E259138244B370900155467 /* SceneDelegate.swift */,
				7E259141244B370900155467 /* LaunchScreen.storyboard */,
			);
			path = Lumpia;
			sourceTree = "<group>";
		};
		7E25913E244B370900155467 /* Preview Content */ = {
			isa = PBXGroup;
			children = (
				7E25913F244B370900155467 /* Preview Assets.xcassets */,
			);
			path = "Preview Content";
			sourceTree = "<group>";
		};
		7E25914C244B370900155467 /* LumpiaTests */ = {
			isa = PBXGroup;
			children = (
				7E25914F244B370900155467 /* Info.plist */,
				7E6F8892244B42BF0012B347 /* UnsplashServiceTest.swift */,
				7E06AF32244D7022002A097D /* PagedResponseTest.swift */,
				7EEEC775244FEEAE00A3A069 /* ImageSearchReducerTest.swift */,
			);
			path = LumpiaTests;
			sourceTree = "<group>";
		};
		7E4003C7244C141100749708 /* Models */ = {
			isa = PBXGroup;
			children = (
				7E4003C8244C142300749708 /* ImageData.swift */,
				7E4003CA244C145B00749708 /* PagedResponse.swift */,
				7E06AF4E244EE490002A097D /* Shared.swift */,
			);
			path = Models;
			sourceTree = "<group>";
		};
		7E6F888A244B39740012B347 /* Resources */ = {
			isa = PBXGroup;
			children = (
				7E25913E244B370900155467 /* Preview Content */,
				7E25913C244B370900155467 /* Assets.xcassets */,
				7E259144244B370900155467 /* Info.plist */,
			);
			path = Resources;
			sourceTree = "<group>";
		};
		7E6F888B244B3AA40012B347 /* Views */ = {
			isa = PBXGroup;
			children = (
				7E06AF50244EE793002A097D /* Components */,
				7E25913A244B370900155467 /* GalleryView.swift */,
			);
			path = Views;
			sourceTree = "<group>";
		};
		7E6F888C244B3DCD0012B347 /* Services */ = {
			isa = PBXGroup;
			children = (
				7E6F888D244B3E210012B347 /* ServiceError.swift */,
				7E6F888F244B3E7F0012B347 /* UnsplashService.swift */,
			);
			path = Services;
			sourceTree = "<group>";
		};
/* End PBXGroup section */

/* Begin PBXNativeTarget section */
		7E259132244B370900155467 /* Lumpia */ = {
			isa = PBXNativeTarget;
			buildConfigurationList = 7E259152244B370900155467 /* Build configuration list for PBXNativeTarget "Lumpia" */;
			buildPhases = (
				7E25912F244B370900155467 /* Sources */,
				7E259130244B370900155467 /* Frameworks */,
				7E259131244B370900155467 /* Resources */,
				7E6F8887244B37DD0012B347 /* Swiftlint */,
			);
			buildRules = (
			);
			dependencies = (
			);
			name = Lumpia;
			productName = Lumpia;
			productReference = 7E259133244B370900155467 /* Lumpia.app */;
			productType = "com.apple.product-type.application";
		};
		7E259148244B370900155467 /* LumpiaTests */ = {
			isa = PBXNativeTarget;
			buildConfigurationList = 7E259155244B370900155467 /* Build configuration list for PBXNativeTarget "LumpiaTests" */;
			buildPhases = (
				7E259145244B370900155467 /* Sources */,
				7E259146244B370900155467 /* Frameworks */,
				7E259147244B370900155467 /* Resources */,
			);
			buildRules = (
			);
			dependencies = (
				7E25914B244B370900155467 /* PBXTargetDependency */,
			);
			name = LumpiaTests;
			productName = LumpiaTests;
			productReference = 7E259149244B370900155467 /* LumpiaTests.xctest */;
			productType = "com.apple.product-type.bundle.unit-test";
		};
/* End PBXNativeTarget section */

/* Begin PBXProject section */
		7E25912B244B370900155467 /* Project object */ = {
			isa = PBXProject;
			attributes = {
				LastSwiftUpdateCheck = 1140;
				LastUpgradeCheck = 1140;
				ORGANIZATIONNAME = "Michael Hass";
				TargetAttributes = {
					7E259132244B370900155467 = {
						CreatedOnToolsVersion = 11.4;
					};
					7E259148244B370900155467 = {
						CreatedOnToolsVersion = 11.4;
						TestTargetID = 7E259132244B370900155467;
					};
				};
			};
			buildConfigurationList = 7E25912E244B370900155467 /* Build configuration list for PBXProject "Lumpia" */;
			compatibilityVersion = "Xcode 9.3";
			developmentRegion = en;
			hasScannedForEncodings = 0;
			knownRegions = (
				en,
				Base,
			);
			mainGroup = 7E25912A244B370900155467;
			productRefGroup = 7E259134244B370900155467 /* Products */;
			projectDirPath = "";
			projectRoot = "";
			targets = (
				7E259132244B370900155467 /* Lumpia */,
				7E259148244B370900155467 /* LumpiaTests */,
			);
		};
/* End PBXProject section */

/* Begin PBXResourcesBuildPhase section */
		7E259131244B370900155467 /* Resources */ = {
			isa = PBXResourcesBuildPhase;
			buildActionMask = 2147483647;
			files = (
				7E259143244B370900155467 /* LaunchScreen.storyboard in Resources */,
				7E259140244B370900155467 /* Preview Assets.xcassets in Resources */,
				7E25913D244B370900155467 /* Assets.xcassets in Resources */,
			);
			runOnlyForDeploymentPostprocessing = 0;
		};
		7E259147244B370900155467 /* Resources */ = {
			isa = PBXResourcesBuildPhase;
			buildActionMask = 2147483647;
			files = (
			);
			runOnlyForDeploymentPostprocessing = 0;
		};
/* End PBXResourcesBuildPhase section */

/* Begin PBXShellScriptBuildPhase section */
		7E6F8887244B37DD0012B347 /* Swiftlint */ = {
			isa = PBXShellScriptBuildPhase;
			buildActionMask = 2147483647;
			files = (
			);
			inputFileListPaths = (
			);
			inputPaths = (
			);
			name = Swiftlint;
			outputFileListPaths = (
			);
			outputPaths = (
			);
			runOnlyForDeploymentPostprocessing = 0;
			shellPath = /bin/sh;
			shellScript = "if which swiftlint >/dev/null; then\n  swiftlint\nelse\n  echo \"warning: SwiftLint not installed, download from https://github.com/realm/SwiftLint\"\nfi\n";
		};
/* End PBXShellScriptBuildPhase section */

/* Begin PBXSourcesBuildPhase section */
		7E25912F244B370900155467 /* Sources */ = {
			isa = PBXSourcesBuildPhase;
			buildActionMask = 2147483647;
			files = (
				7E06AF48244ECC75002A097D /* ImageSearchState.swift in Sources */,
				7E6F888E244B3E210012B347 /* ServiceError.swift in Sources */,
				7E06AF4D244ED88E002A097D /* AppReducer.swift in Sources */,
				7EEEC774244EF13800A3A069 /* ImageCell.swift in Sources */,
				7E259137244B370900155467 /* AppDelegate.swift in Sources */,
				7E259139244B370900155467 /* SceneDelegate.swift in Sources */,
				7E06AF40244EB3F4002A097D /* CoreTypes.swift in Sources */,
				7E06AF4F244EE490002A097D /* Shared.swift in Sources */,
				7E06AF43244EC155002A097D /* ImageSearchActions.swift in Sources */,
				7E06AF4B244ECD1F002A097D /* ImageSearchReducer.swift in Sources */,
				7E25913B244B370900155467 /* GalleryView.swift in Sources */,
				7E6F8890244B3E7F0012B347 /* UnsplashService.swift in Sources */,
				7E4003C9244C142300749708 /* ImageData.swift in Sources */,
				7E06AF38244DE4B4002A097D /* SquaredImage.swift in Sources */,
				7E06AF45244ECC4B002A097D /* AppState.swift in Sources */,
				7E06AF3A244E1445002A097D /* SearchBar.swift in Sources */,
				7E06AF35244DA90F002A097D /* CollectionView.swift in Sources */,
				7E06AF3D244E1A74002A097D /* UIApplication+Keyboard.swift in Sources */,
				7E4003CB244C145B00749708 /* PagedResponse.swift in Sources */,
			);
			runOnlyForDeploymentPostprocessing = 0;
		};
		7E259145244B370900155467 /* Sources */ = {
			isa = PBXSourcesBuildPhase;
			buildActionMask = 2147483647;
			files = (
				7EEEC776244FEEAE00A3A069 /* ImageSearchReducerTest.swift in Sources */,
				7E06AF33244D7022002A097D /* PagedResponseTest.swift in Sources */,
				7E6F8893244B42BF0012B347 /* UnsplashServiceTest.swift in Sources */,
			);
			runOnlyForDeploymentPostprocessing = 0;
		};
/* End PBXSourcesBuildPhase section */

/* Begin PBXTargetDependency section */
		7E25914B244B370900155467 /* PBXTargetDependency */ = {
			isa = PBXTargetDependency;
			target = 7E259132244B370900155467 /* Lumpia */;
			targetProxy = 7E25914A244B370900155467 /* PBXContainerItemProxy */;
		};
/* End PBXTargetDependency section */

/* Begin PBXVariantGroup section */
		7E259141244B370900155467 /* LaunchScreen.storyboard */ = {
			isa = PBXVariantGroup;
			children = (
				7E259142244B370900155467 /* Base */,
			);
			name = LaunchScreen.storyboard;
			sourceTree = "<group>";
		};
/* End PBXVariantGroup section */

/* Begin XCBuildConfiguration section */
		7E259150244B370900155467 /* Debug */ = {
			isa = XCBuildConfiguration;
			buildSettings = {
				ALWAYS_SEARCH_USER_PATHS = NO;
				CLANG_ANALYZER_NONNULL = YES;
				CLANG_ANALYZER_NUMBER_OBJECT_CONVERSION = YES_AGGRESSIVE;
				CLANG_CXX_LANGUAGE_STANDARD = "gnu++14";
				CLANG_CXX_LIBRARY = "libc++";
				CLANG_ENABLE_MODULES = YES;
				CLANG_ENABLE_OBJC_ARC = YES;
				CLANG_ENABLE_OBJC_WEAK = YES;
				CLANG_WARN_BLOCK_CAPTURE_AUTORELEASING = YES;
				CLANG_WARN_BOOL_CONVERSION = YES;
				CLANG_WARN_COMMA = YES;
				CLANG_WARN_CONSTANT_CONVERSION = YES;
				CLANG_WARN_DEPRECATED_OBJC_IMPLEMENTATIONS = YES;
				CLANG_WARN_DIRECT_OBJC_ISA_USAGE = YES_ERROR;
				CLANG_WARN_DOCUMENTATION_COMMENTS = YES;
				CLANG_WARN_EMPTY_BODY = YES;
				CLANG_WARN_ENUM_CONVERSION = YES;
				CLANG_WARN_INFINITE_RECURSION = YES;
				CLANG_WARN_INT_CONVERSION = YES;
				CLANG_WARN_NON_LITERAL_NULL_CONVERSION = YES;
				CLANG_WARN_OBJC_IMPLICIT_RETAIN_SELF = YES;
				CLANG_WARN_OBJC_LITERAL_CONVERSION = YES;
				CLANG_WARN_OBJC_ROOT_CLASS = YES_ERROR;
				CLANG_WARN_RANGE_LOOP_ANALYSIS = YES;
				CLANG_WARN_STRICT_PROTOTYPES = YES;
				CLANG_WARN_SUSPICIOUS_MOVE = YES;
				CLANG_WARN_UNGUARDED_AVAILABILITY = YES_AGGRESSIVE;
				CLANG_WARN_UNREACHABLE_CODE = YES;
				CLANG_WARN__DUPLICATE_METHOD_MATCH = YES;
				COPY_PHASE_STRIP = NO;
				DEBUG_INFORMATION_FORMAT = dwarf;
				ENABLE_STRICT_OBJC_MSGSEND = YES;
				ENABLE_TESTABILITY = YES;
				GCC_C_LANGUAGE_STANDARD = gnu11;
				GCC_DYNAMIC_NO_PIC = NO;
				GCC_NO_COMMON_BLOCKS = YES;
				GCC_OPTIMIZATION_LEVEL = 0;
				GCC_PREPROCESSOR_DEFINITIONS = (
					"DEBUG=1",
					"$(inherited)",
				);
				GCC_WARN_64_TO_32_BIT_CONVERSION = YES;
				GCC_WARN_ABOUT_RETURN_TYPE = YES_ERROR;
				GCC_WARN_UNDECLARED_SELECTOR = YES;
				GCC_WARN_UNINITIALIZED_AUTOS = YES_AGGRESSIVE;
				GCC_WARN_UNUSED_FUNCTION = YES;
				GCC_WARN_UNUSED_VARIABLE = YES;
				IPHONEOS_DEPLOYMENT_TARGET = 13.4;
				MTL_ENABLE_DEBUG_INFO = INCLUDE_SOURCE;
				MTL_FAST_MATH = YES;
				ONLY_ACTIVE_ARCH = YES;
				SDKROOT = iphoneos;
				SWIFT_ACTIVE_COMPILATION_CONDITIONS = DEBUG;
				SWIFT_OPTIMIZATION_LEVEL = "-Onone";
			};
			name = Debug;
		};
		7E259151244B370900155467 /* Release */ = {
			isa = XCBuildConfiguration;
			buildSettings = {
				ALWAYS_SEARCH_USER_PATHS = NO;
				CLANG_ANALYZER_NONNULL = YES;
				CLANG_ANALYZER_NUMBER_OBJECT_CONVERSION = YES_AGGRESSIVE;
				CLANG_CXX_LANGUAGE_STANDARD = "gnu++14";
				CLANG_CXX_LIBRARY = "libc++";
				CLANG_ENABLE_MODULES = YES;
				CLANG_ENABLE_OBJC_ARC = YES;
				CLANG_ENABLE_OBJC_WEAK = YES;
				CLANG_WARN_BLOCK_CAPTURE_AUTORELEASING = YES;
				CLANG_WARN_BOOL_CONVERSION = YES;
				CLANG_WARN_COMMA = YES;
				CLANG_WARN_CONSTANT_CONVERSION = YES;
				CLANG_WARN_DEPRECATED_OBJC_IMPLEMENTATIONS = YES;
				CLANG_WARN_DIRECT_OBJC_ISA_USAGE = YES_ERROR;
				CLANG_WARN_DOCUMENTATION_COMMENTS = YES;
				CLANG_WARN_EMPTY_BODY = YES;
				CLANG_WARN_ENUM_CONVERSION = YES;
				CLANG_WARN_INFINITE_RECURSION = YES;
				CLANG_WARN_INT_CONVERSION = YES;
				CLANG_WARN_NON_LITERAL_NULL_CONVERSION = YES;
				CLANG_WARN_OBJC_IMPLICIT_RETAIN_SELF = YES;
				CLANG_WARN_OBJC_LITERAL_CONVERSION = YES;
				CLANG_WARN_OBJC_ROOT_CLASS = YES_ERROR;
				CLANG_WARN_RANGE_LOOP_ANALYSIS = YES;
				CLANG_WARN_STRICT_PROTOTYPES = YES;
				CLANG_WARN_SUSPICIOUS_MOVE = YES;
				CLANG_WARN_UNGUARDED_AVAILABILITY = YES_AGGRESSIVE;
				CLANG_WARN_UNREACHABLE_CODE = YES;
				CLANG_WARN__DUPLICATE_METHOD_MATCH = YES;
				COPY_PHASE_STRIP = NO;
				DEBUG_INFORMATION_FORMAT = "dwarf-with-dsym";
				ENABLE_NS_ASSERTIONS = NO;
				ENABLE_STRICT_OBJC_MSGSEND = YES;
				GCC_C_LANGUAGE_STANDARD = gnu11;
				GCC_NO_COMMON_BLOCKS = YES;
				GCC_WARN_64_TO_32_BIT_CONVERSION = YES;
				GCC_WARN_ABOUT_RETURN_TYPE = YES_ERROR;
				GCC_WARN_UNDECLARED_SELECTOR = YES;
				GCC_WARN_UNINITIALIZED_AUTOS = YES_AGGRESSIVE;
				GCC_WARN_UNUSED_FUNCTION = YES;
				GCC_WARN_UNUSED_VARIABLE = YES;
				IPHONEOS_DEPLOYMENT_TARGET = 13.4;
				MTL_ENABLE_DEBUG_INFO = NO;
				MTL_FAST_MATH = YES;
				SDKROOT = iphoneos;
				SWIFT_COMPILATION_MODE = wholemodule;
				SWIFT_OPTIMIZATION_LEVEL = "-O";
				VALIDATE_PRODUCT = YES;
			};
			name = Release;
		};
		7E259153244B370900155467 /* Debug */ = {
			isa = XCBuildConfiguration;
			buildSettings = {
				ASSETCATALOG_COMPILER_APPICON_NAME = AppIcon;
				CODE_SIGN_STYLE = Automatic;
				DEVELOPMENT_ASSET_PATHS = "\"Lumpia/Resources/Preview Content\"";
				ENABLE_PREVIEWS = YES;
				INFOPLIST_FILE = Lumpia/Resources/Info.plist;
				LD_RUNPATH_SEARCH_PATHS = (
					"$(inherited)",
					"@executable_path/Frameworks",
				);
				PRODUCT_BUNDLE_IDENTIFIER = com.mhass.lumpia;
				PRODUCT_NAME = "$(TARGET_NAME)";
				SWIFT_VERSION = 5.0;
				TARGETED_DEVICE_FAMILY = "1,2";
			};
			name = Debug;
		};
		7E259154244B370900155467 /* Release */ = {
			isa = XCBuildConfiguration;
			buildSettings = {
				ASSETCATALOG_COMPILER_APPICON_NAME = AppIcon;
				CODE_SIGN_STYLE = Automatic;
				DEVELOPMENT_ASSET_PATHS = "\"Lumpia/Resources/Preview Content\"";
				ENABLE_PREVIEWS = YES;
				INFOPLIST_FILE = Lumpia/Resources/Info.plist;
				LD_RUNPATH_SEARCH_PATHS = (
					"$(inherited)",
					"@executable_path/Frameworks",
				);
				PRODUCT_BUNDLE_IDENTIFIER = com.mhass.lumpia;
				PRODUCT_NAME = "$(TARGET_NAME)";
				SWIFT_VERSION = 5.0;
				TARGETED_DEVICE_FAMILY = "1,2";
			};
			name = Release;
		};
		7E259156244B370900155467 /* Debug */ = {
			isa = XCBuildConfiguration;
			buildSettings = {
				ALWAYS_EMBED_SWIFT_STANDARD_LIBRARIES = YES;
				BUNDLE_LOADER = "$(TEST_HOST)";
				CODE_SIGN_STYLE = Automatic;
				INFOPLIST_FILE = LumpiaTests/Info.plist;
				IPHONEOS_DEPLOYMENT_TARGET = 13.4;
				LD_RUNPATH_SEARCH_PATHS = (
					"$(inherited)",
					"@executable_path/Frameworks",
					"@loader_path/Frameworks",
				);
				PRODUCT_BUNDLE_IDENTIFIER = com.mhass.LumpiaTests;
				PRODUCT_NAME = "$(TARGET_NAME)";
				SWIFT_VERSION = 5.0;
				TARGETED_DEVICE_FAMILY = "1,2";
				TEST_HOST = "$(BUILT_PRODUCTS_DIR)/Lumpia.app/Lumpia";
			};
			name = Debug;
		};
		7E259157244B370900155467 /* Release */ = {
			isa = XCBuildConfiguration;
			buildSettings = {
				ALWAYS_EMBED_SWIFT_STANDARD_LIBRARIES = YES;
				BUNDLE_LOADER = "$(TEST_HOST)";
				CODE_SIGN_STYLE = Automatic;
				INFOPLIST_FILE = LumpiaTests/Info.plist;
				IPHONEOS_DEPLOYMENT_TARGET = 13.4;
				LD_RUNPATH_SEARCH_PATHS = (
					"$(inherited)",
					"@executable_path/Frameworks",
					"@loader_path/Frameworks",
				);
				PRODUCT_BUNDLE_IDENTIFIER = com.mhass.LumpiaTests;
				PRODUCT_NAME = "$(TARGET_NAME)";
				SWIFT_VERSION = 5.0;
				TARGETED_DEVICE_FAMILY = "1,2";
				TEST_HOST = "$(BUILT_PRODUCTS_DIR)/Lumpia.app/Lumpia";
			};
			name = Release;
		};
/* End XCBuildConfiguration section */

/* Begin XCConfigurationList section */
		7E25912E244B370900155467 /* Build configuration list for PBXProject "Lumpia" */ = {
			isa = XCConfigurationList;
			buildConfigurations = (
				7E259150244B370900155467 /* Debug */,
				7E259151244B370900155467 /* Release */,
			);
			defaultConfigurationIsVisible = 0;
			defaultConfigurationName = Release;
		};
		7E259152244B370900155467 /* Build configuration list for PBXNativeTarget "Lumpia" */ = {
			isa = XCConfigurationList;
			buildConfigurations = (
				7E259153244B370900155467 /* Debug */,
				7E259154244B370900155467 /* Release */,
			);
			defaultConfigurationIsVisible = 0;
			defaultConfigurationName = Release;
		};
		7E259155244B370900155467 /* Build configuration list for PBXNativeTarget "LumpiaTests" */ = {
			isa = XCConfigurationList;
			buildConfigurations = (
				7E259156244B370900155467 /* Debug */,
				7E259157244B370900155467 /* Release */,
			);
			defaultConfigurationIsVisible = 0;
			defaultConfigurationName = Release;
		};
/* End XCConfigurationList section */
	};
	rootObject = 7E25912B244B370900155467 /* Project object */;
}
